
Microsoft Visual Studio Solution File, Format Version 12.00
# Visual Studio Version 17
VisualStudioVersion = 17.10.34928.147
MinimumVisualStudioVersion = 10.0.40219.1
Project("{FAE04EC0-301F-11D3-BF4B-00C04F79EFBC}") = "TodoList", "TodoList\TodoList.csproj", "{C8C97EA4-A352-4D21-AF5A-9799BB800F8F}"
EndProject
Global
	GlobalSection(SolutionConfigurationPlatforms) = preSolution
		Debug|Any CPU = Debug|Any CPU
		Release|Any CPU = Release|Any CPU
	EndGlobalSection
	GlobalSection(ProjectConfigurationPlatforms) = postSolution
		{C8C97EA4-A352-4D21-AF5A-9799BB800F8F}.Debug|Any CPU.ActiveCfg = Debug|Any CPU
		{C8C97EA4-A352-4D21-AF5A-9799BB800F8F}.Debug|Any CPU.Build.0 = Debug|Any CPU
		{C8C97EA4-A352-4D21-AF5A-9799BB800F8F}.Release|Any CPU.ActiveCfg = Release|Any CPU
		{C8C97EA4-A352-4D21-AF5A-9799BB800F8F}.Release|Any CPU.Build.0 = Release|Any CPU
	EndGlobalSection
	GlobalSection(SolutionProperties) = preSolution
		HideSolutionNode = FALSE
	EndGlobalSection
	GlobalSection(ExtensibilityGlobals) = postSolution
		SolutionGuid = {79C05DAE-19E3-4B55-9DCC-65FFA77E29E8}
	EndGlobalSection
EndGlobal
